
Microsoft Visual Studio Solution File, Format Version 12.00
# Visual Studio Version 16
VisualStudioVersion = 16.0.31321.278
MinimumVisualStudioVersion = 10.0.40219.1
Project("{FAE04EC0-301F-11D3-BF4B-00C04F79EFBC}") = "DependencyInjection", "DependencyInjection.csproj", "{8A8A4145-3A55-48D8-A8E5-F9225D23D6ED}"
EndProject
Global
	GlobalSection(SolutionConfigurationPlatforms) = preSolution
		Debug|Any CPU = Debug|Any CPU
		Release|Any CPU = Release|Any CPU
	EndGlobalSection
	GlobalSection(ProjectConfigurationPlatforms) = postSolution
		{8A8A4145-3A55-48D8-A8E5-F9225D23D6ED}.Debug|Any CPU.ActiveCfg = Debug|Any CPU
		{8A8A4145-3A55-48D8-A8E5-F9225D23D6ED}.Debug|Any CPU.Build.0 = Debug|Any CPU
		{8A8A4145-3A55-48D8-A8E5-F9225D23D6ED}.Release|Any CPU.ActiveCfg = Release|Any CPU
		{8A8A4145-3A55-48D8-A8E5-F9225D23D6ED}.Release|Any CPU.Build.0 = Release|Any CPU
	EndGlobalSection
	GlobalSection(SolutionProperties) = preSolution
		HideSolutionNode = FALSE
	EndGlobalSection
	GlobalSection(ExtensibilityGlobals) = postSolution
		SolutionGuid = {ECC03BC9-2CE2-454A-B92A-7AB82C90560E}
	EndGlobalSection
EndGlobal
